{
  "nodes": {
    "crosspkgs": {
      "locked": {
        "lastModified": 1611901266,
        "narHash": "sha256-6SBHJciiz8CspoVaroF7D+1XMtUOquDq4IePnSbpUG0=",
        "owner": "colemickens",
        "repo": "nixpkgs",
        "rev": "c2c140c47f5272b27b8b07782a654119107b3c41",
        "type": "github"
      },
      "original": {
        "owner": "colemickens",
        "ref": "crosspkgs",
        "repo": "nixpkgs",
        "type": "github"
      }
    },
    "root": {
      "inputs": {
        "crosspkgs": "crosspkgs"
      }
    }
  },
  "root": "root",
  "version": 7
}
